# This file is @generated by PDM.
# It is not intended for manual editing.

[[package]]
name = "asgiref"
version = "3.6.0"
requires_python = ">=3.7"
summary = "ASGI specs, helper code, and adapters"

[[package]]
name = "attrs"
version = "22.2.0"
requires_python = ">=3.6"
summary = "Classes Without Boilerplate"

[[package]]
name = "backports-zoneinfo"
version = "0.2.1"
requires_python = ">=3.6"
summary = "Backport of the standard library zoneinfo module"

[[package]]
name = "certifi"
version = "2022.12.7"
requires_python = ">=3.6"
summary = "Python package for providing Mozilla's CA Bundle."

[[package]]
name = "click"
version = "8.1.3"
requires_python = ">=3.7"
summary = "Composable command line interface toolkit"
dependencies = [
    "colorama; platform_system == \"Windows\"",
]

[[package]]
name = "colorama"
version = "0.4.6"
requires_python = "!=3.0.*,!=3.1.*,!=3.2.*,!=3.3.*,!=3.4.*,!=3.5.*,!=3.6.*,>=2.7"
summary = "Cross-platform colored terminal text."

[[package]]
name = "coverage"
version = "7.2.2"
requires_python = ">=3.7"
summary = "Code coverage measurement for Python"

[[package]]
name = "coverage"
version = "7.2.2"
extras = ["toml"]
requires_python = ">=3.7"
summary = "Code coverage measurement for Python"
dependencies = [
    "coverage==7.2.2",
    "tomli; python_full_version <= \"3.11.0a6\"",
]

[[package]]
name = "django"
version = "4.1.7"
requires_python = ">=3.8"
summary = "A high-level Python web framework that encourages rapid development and clean, pragmatic design."
dependencies = [
    "asgiref<4,>=3.5.2",
    "backports-zoneinfo; python_version < \"3.9\"",
    "sqlparse>=0.2.2",
    "tzdata; sys_platform == \"win32\"",
]

[[package]]
name = "django-click"
version = "2.3.0"
summary = "Build Django management commands using the click CLI package."
dependencies = [
    "click>=7.1",
]

[[package]]
name = "django-types"
version = "0.17.0"
requires_python = ">=3.7,<4.0"
summary = "Type stubs for Django"

[[package]]
name = "exceptiongroup"
version = "1.1.1"
requires_python = ">=3.7"
summary = "Backport of PEP 654 (exception groups)"

[[package]]
name = "importlib-metadata"
version = "6.0.0"
requires_python = ">=3.7"
summary = "Read metadata from Python packages"
dependencies = [
    "zipp>=0.5",
]

[[package]]
name = "iniconfig"
version = "2.0.0"
requires_python = ">=3.7"
summary = "brain-dead simple config-ini parsing"

[[package]]
name = "packaging"
version = "23.0"
requires_python = ">=3.7"
summary = "Core utilities for Python packages"

[[package]]
name = "pluggy"
version = "1.0.0"
requires_python = ">=3.6"
summary = "plugin and hook calling mechanisms for python"

[[package]]
name = "pytest"
version = "7.2.2"
requires_python = ">=3.7"
summary = "pytest: simple powerful testing with Python"
dependencies = [
    "attrs>=19.2.0",
    "colorama; sys_platform == \"win32\"",
    "exceptiongroup>=1.0.0rc8; python_version < \"3.11\"",
    "iniconfig",
    "packaging",
    "pluggy<2.0,>=0.12",
    "tomli>=1.0.0; python_version < \"3.11\"",
]

[[package]]
name = "pytest-cov"
version = "4.0.0"
requires_python = ">=3.6"
summary = "Pytest plugin for measuring coverage."
dependencies = [
    "coverage[toml]>=5.2.1",
    "pytest>=4.6",
]

[[package]]
name = "pytest-django"
version = "4.5.2"
requires_python = ">=3.5"
summary = "A Django plugin for pytest."
dependencies = [
    "pytest>=5.4.0",
]

[[package]]
name = "pytest-randomly"
version = "3.12.0"
requires_python = ">=3.7"
summary = "Pytest plugin to randomly order tests and control random.seed."
dependencies = [
    "importlib-metadata>=3.6.0; python_version < \"3.10\"",
    "pytest",
]

[[package]]
name = "pytest-timeout"
version = "2.1.0"
requires_python = ">=3.6"
summary = "pytest plugin to abort hanging tests"
dependencies = [
    "pytest>=5.0.0",
]

[[package]]
name = "sqlparse"
version = "0.4.3"
requires_python = ">=3.5"
summary = "A non-validating SQL parser."

[[package]]
name = "tomli"
version = "2.0.1"
requires_python = ">=3.7"
summary = "A lil' TOML parser"

[[package]]
name = "tzdata"
version = "2022.7"
requires_python = ">=2"
summary = "Provider of IANA time zone data"

[[package]]
name = "zipp"
version = "3.15.0"
requires_python = ">=3.7"
summary = "Backport of pathlib-compatible object wrapper for zip files"

[metadata]
lock_version = "4.1"
content_hash = "sha256:98593ff35753b41050cd6e9acc7f420299bd79a7bd12b9028e40f396953cda5d"

[metadata.files]
"asgiref 3.6.0" = [
    {url = "https://files.pythonhosted.org/packages/78/2d/797c0537426266d6c9377a2ed6a4ac61e50c2d5b1ab4da101a4b9bfe26e2/asgiref-3.6.0.tar.gz", hash = "sha256:9567dfe7bd8d3c8c892227827c41cce860b368104c3431da67a0c5a65a949506"},
    {url = "https://files.pythonhosted.org/packages/8f/29/38d10a47b322a77b2d12c2b79c789f52956f733cb701d4d5157c76b5f238/asgiref-3.6.0-py3-none-any.whl", hash = "sha256:71e68008da809b957b7ee4b43dbccff33d1b23519fb8344e33f049897077afac"},
]
"attrs 22.2.0" = [
    {url = "https://files.pythonhosted.org/packages/21/31/3f468da74c7de4fcf9b25591e682856389b3400b4b62f201e65f15ea3e07/attrs-22.2.0.tar.gz", hash = "sha256:c9227bfc2f01993c03f68db37d1d15c9690188323c067c641f1a35ca58185f99"},
    {url = "https://files.pythonhosted.org/packages/fb/6e/6f83bf616d2becdf333a1640f1d463fef3150e2e926b7010cb0f81c95e88/attrs-22.2.0-py3-none-any.whl", hash = "sha256:29e95c7f6778868dbd49170f98f8818f78f3dc5e0e37c0b1f474e3561b240836"},
]
"backports-zoneinfo 0.2.1" = [
    {url = "https://files.pythonhosted.org/packages/1a/ab/3e941e3fcf1b7d3ab3d0233194d99d6a0ed6b24f8f956fc81e47edc8c079/backports.zoneinfo-0.2.1-cp38-cp38-manylinux1_x86_64.whl", hash = "sha256:7b0a64cda4145548fed9efc10322770f929b944ce5cee6c0dfe0c87bf4c0c8c9"},
    {url = "https://files.pythonhosted.org/packages/1c/96/baaca3ad1b06d97138d42a225e4d4d27cd1586b646740f771706cd2d812c/backports.zoneinfo-0.2.1-cp37-cp37m-win32.whl", hash = "sha256:e55b384612d93be96506932a786bbcde5a2db7a9e6a4bb4bffe8b733f5b9036b"},
    {url = "https://files.pythonhosted.org/packages/28/d5/e2f3d6a52870045afd8c37b2681c47fd0b98679cd4851e349bfd7e19cfd7/backports.zoneinfo-0.2.1-cp36-cp36m-win_amd64.whl", hash = "sha256:8439c030a11780786a2002261569bdf362264f605dfa4d65090b64b05c9f79a7"},
    {url = "https://files.pythonhosted.org/packages/33/1c/9357061860f5d3a09e1877aa4cf7c004c55eec40a1036761144ef24d8a1d/backports.zoneinfo-0.2.1-cp36-cp36m-macosx_10_14_x86_64.whl", hash = "sha256:da6013fd84a690242c310d77ddb8441a559e9cb3d3d59ebac9aca1a57b2e18bc"},
    {url = "https://files.pythonhosted.org/packages/4a/6d/eca004eeadcbf8bd64cc96feb9e355536147f0577420b44d80c7cac70767/backports.zoneinfo-0.2.1-cp38-cp38-macosx_10_14_x86_64.whl", hash = "sha256:8961c0f32cd0336fb8e8ead11a1f8cd99ec07145ec2931122faaac1c8f7fd987"},
    {url = "https://files.pythonhosted.org/packages/4c/7e/ed8af95bed90eeccfb4a4fe6ec424bc7a79e1aa983e54dd1d9062d9fa20b/backports.zoneinfo-0.2.1-cp37-cp37m-manylinux1_x86_64.whl", hash = "sha256:5c144945a7752ca544b4b78c8c41544cdfaf9786f25fe5ffb10e838e19a27570"},
    {url = "https://files.pythonhosted.org/packages/6c/99/513f2c4dd41522eefc42feb86854f6cf3b1add9c175c14d90c070775e484/backports.zoneinfo-0.2.1-cp37-cp37m-win_amd64.whl", hash = "sha256:a76b38c52400b762e48131494ba26be363491ac4f9a04c1b7e92483d169f6582"},
    {url = "https://files.pythonhosted.org/packages/74/a1/323f86a5ca5a559d452affb879512365a0473529398bfcf2d712a40ae088/backports.zoneinfo-0.2.1-cp37-cp37m-macosx_10_14_x86_64.whl", hash = "sha256:f04e857b59d9d1ccc39ce2da1021d196e47234873820cbeaad210724b1ee28ac"},
    {url = "https://files.pythonhosted.org/packages/78/cc/e27fd6493bbce8dbea7e6c1bc861fe3d3bc22c4f7c81f4c3befb8ff5bfaf/backports.zoneinfo-0.2.1-cp38-cp38-win_amd64.whl", hash = "sha256:4a0f800587060bf8880f954dbef70de6c11bbe59c673c3d818921f042f9954a6"},
    {url = "https://files.pythonhosted.org/packages/ad/85/475e514c3140937cf435954f78dedea1861aeab7662d11de232bdaa90655/backports.zoneinfo-0.2.1.tar.gz", hash = "sha256:fadbfe37f74051d024037f223b8e001611eac868b5c5b06144ef4d8b799862f2"},
    {url = "https://files.pythonhosted.org/packages/c0/34/5fdb0a3a28841d215c255be8fc60b8666257bb6632193c86fd04b63d4a31/backports.zoneinfo-0.2.1-cp38-cp38-win32.whl", hash = "sha256:1b13e654a55cd45672cb54ed12148cd33628f672548f373963b0bff67b217328"},
    {url = "https://files.pythonhosted.org/packages/c1/8f/9b1b920a6a95652463143943fa3b8c000cb0b932ab463764a6f2a2416560/backports.zoneinfo-0.2.1-cp38-cp38-manylinux1_i686.whl", hash = "sha256:e81b76cace8eda1fca50e345242ba977f9be6ae3945af8d46326d776b4cf78d1"},
    {url = "https://files.pythonhosted.org/packages/d1/04/8f2fed9c0cb9c88442fc8d6372cb0f5738fb05a65b45e2d371fbc8a15087/backports.zoneinfo-0.2.1-cp37-cp37m-manylinux1_i686.whl", hash = "sha256:17746bd546106fa389c51dbea67c8b7c8f0d14b5526a579ca6ccf5ed72c526cf"},
    {url = "https://files.pythonhosted.org/packages/d4/79/249bd3c4f794741f04f1e0ff33ad3cca9b2d1f4299b73f78d0d9bc9ec8dc/backports.zoneinfo-0.2.1-cp36-cp36m-win32.whl", hash = "sha256:e8236383a20872c0cdf5a62b554b27538db7fa1bbec52429d8d106effbaeca08"},
    {url = "https://files.pythonhosted.org/packages/ef/9a/8de8f379d5b3961a517762cc051b366de3f7d4d3a2250120e7a71e25fab4/backports.zoneinfo-0.2.1-cp36-cp36m-manylinux1_i686.whl", hash = "sha256:89a48c0d158a3cc3f654da4c2de1ceba85263fafb861b98b59040a5086259722"},
    {url = "https://files.pythonhosted.org/packages/f9/04/33e910faffe91a5680d68a064162525779259ae5de3b0c0c5bd9c4e900e0/backports.zoneinfo-0.2.1-cp36-cp36m-manylinux1_x86_64.whl", hash = "sha256:1c5742112073a563c81f786e77514969acb58649bcdf6cdf0b4ed31a348d4546"},
]
"certifi 2022.12.7" = [
    {url = "https://files.pythonhosted.org/packages/37/f7/2b1b0ec44fdc30a3d31dfebe52226be9ddc40cd6c0f34ffc8923ba423b69/certifi-2022.12.7.tar.gz", hash = "sha256:35824b4c3a97115964b408844d64aa14db1cc518f6562e8d7261699d1350a9e3"},
    {url = "https://files.pythonhosted.org/packages/71/4c/3db2b8021bd6f2f0ceb0e088d6b2d49147671f25832fb17970e9b583d742/certifi-2022.12.7-py3-none-any.whl", hash = "sha256:4ad3232f5e926d6718ec31cfc1fcadfde020920e278684144551c91769c7bc18"},
]
"click 8.1.3" = [
    {url = "https://files.pythonhosted.org/packages/59/87/84326af34517fca8c58418d148f2403df25303e02736832403587318e9e8/click-8.1.3.tar.gz", hash = "sha256:7682dc8afb30297001674575ea00d1814d808d6a36af415a82bd481d37ba7b8e"},
    {url = "https://files.pythonhosted.org/packages/c2/f1/df59e28c642d583f7dacffb1e0965d0e00b218e0186d7858ac5233dce840/click-8.1.3-py3-none-any.whl", hash = "sha256:bb4d8133cb15a609f44e8213d9b391b0809795062913b383c62be0ee95b1db48"},
]
"colorama 0.4.6" = [
    {url = "https://files.pythonhosted.org/packages/d1/d6/3965ed04c63042e047cb6a3e6ed1a63a35087b6a609aa3a15ed8ac56c221/colorama-0.4.6-py2.py3-none-any.whl", hash = "sha256:4f1d9991f5acc0ca119f9d443620b77f9d6b33703e51011c16baf57afb285fc6"},
    {url = "https://files.pythonhosted.org/packages/d8/53/6f443c9a4a8358a93a6792e2acffb9d9d5cb0a5cfd8802644b7b1c9a02e4/colorama-0.4.6.tar.gz", hash = "sha256:08695f5cb7ed6e0531a20572697297273c47b8cae5a63ffc6d6ed5c201be6e44"},
]
"coverage 7.2.2" = [
    {url = "https://files.pythonhosted.org/packages/06/ab/1dd1a592ca3dff0c0d1da895c609f6b8b6b3092a2cc06f5494826b7689c8/coverage-7.2.2-cp39-cp39-macosx_11_0_arm64.whl", hash = "sha256:9d22e94e6dc86de981b1b684b342bec5e331401599ce652900ec59db52940005"},
    {url = "https://files.pythonhosted.org/packages/0d/49/ef6f4681a90ad12b734e8fd85913dc310eb58bfc33eb95534bdfef073476/coverage-7.2.2-cp38-cp38-manylinux_2_17_aarch64.manylinux2014_aarch64.whl", hash = "sha256:046936ab032a2810dcaafd39cc4ef6dd295df1a7cbead08fe996d4765fca9fe4"},
    {url = "https://files.pythonhosted.org/packages/0d/d3/7c6d91fc5dd15496954e9a941a765fce70913314181289e441db0e5c6568/coverage-7.2.2-cp37-cp37m-manylinux_2_17_aarch64.manylinux2014_aarch64.whl", hash = "sha256:0484d9dd1e6f481b24070c87561c8d7151bdd8b044c93ac99faafd01f695c78e"},
    {url = "https://files.pythonhosted.org/packages/11/da/b52e1f1492d6431ce0ebdd9da8744faf9f9fb75c3077165aca44c178f6e7/coverage-7.2.2-cp310-cp310-musllinux_1_1_i686.whl", hash = "sha256:186e0fc9cf497365036d51d4d2ab76113fb74f729bd25da0975daab2e107fd90"},
    {url = "https://files.pythonhosted.org/packages/13/31/8a4be0305f60f9a856965e076388cf3b93bac36a1324897854accecc4e94/coverage-7.2.2-cp38-cp38-macosx_11_0_arm64.whl", hash = "sha256:387fb46cb8e53ba7304d80aadca5dca84a2fbf6fe3faf6951d8cf2d46485d1e5"},
    {url = "https://files.pythonhosted.org/packages/15/35/5a6ac4b81c41fe067af22a5e9ac440609a122c1ece220b8c565dfb27f205/coverage-7.2.2-cp38-cp38-musllinux_1_1_i686.whl", hash = "sha256:7c20b731211261dc9739bbe080c579a1835b0c2d9b274e5fcd903c3a7821cf88"},
    {url = "https://files.pythonhosted.org/packages/18/a9/98d8eddba099f79548527af0aa546c31c3d8a2cc9e5d1c59a10a584ffc6d/coverage-7.2.2-cp38-cp38-musllinux_1_1_aarch64.whl", hash = "sha256:3668291b50b69a0c1ef9f462c7df2c235da3c4073f49543b01e7eb1dee7dd540"},
    {url = "https://files.pythonhosted.org/packages/1b/21/e757c7147ff8ef4be811d5fb3731ec0936ba6689444fc20dff953536a243/coverage-7.2.2-cp311-cp311-manylinux_2_5_i686.manylinux1_i686.manylinux_2_17_i686.manylinux2014_i686.whl", hash = "sha256:5e1df45c23d4230e3d56d04414f9057eba501f78db60d4eeecfcb940501b08fd"},
    {url = "https://files.pythonhosted.org/packages/1c/02/46d5dc331c9419d01e66c497f3974af895aaccf6a2a2695cfd6f83f1935f/coverage-7.2.2-cp39-cp39-win32.whl", hash = "sha256:db45eec1dfccdadb179b0f9ca616872c6f700d23945ecc8f21bb105d74b1c5fc"},
    {url = "https://files.pythonhosted.org/packages/29/3f/e2cef2978bfd787da8e02892448098ecb4a5909970c08b6220d0867460c3/coverage-7.2.2-cp310-cp310-win32.whl", hash = "sha256:38004671848b5745bb05d4d621526fca30cee164db42a1f185615f39dc997292"},
    {url = "https://files.pythonhosted.org/packages/30/0c/6e0a65466f8008b2001c0354782753a880617b15dba857eb7e97928313fc/coverage-7.2.2-cp39-cp39-manylinux_2_5_i686.manylinux1_i686.manylinux_2_17_i686.manylinux2014_i686.whl", hash = "sha256:bc4803779f0e4b06a2361f666e76f5c2e3715e8e379889d02251ec911befd149"},
    {url = "https://files.pythonhosted.org/packages/34/7d/380f87502e91d1da48eb5d0dead8cee4911eb19e2d4b60e3f1ee9c975c85/coverage-7.2.2-cp310-cp310-musllinux_1_1_x86_64.whl", hash = "sha256:420f94a35e3e00a2b43ad5740f935358e24478354ce41c99407cddd283be00d2"},
    {url = "https://files.pythonhosted.org/packages/38/0f/2e384888c47e111a7a4c025812d33f197aa39a59338cfd5e08874c940f6c/coverage-7.2.2-cp311-cp311-macosx_11_0_arm64.whl", hash = "sha256:d2b96123a453a2d7f3995ddb9f28d01fd112319a7a4d5ca99796a7ff43f02af5"},
    {url = "https://files.pythonhosted.org/packages/3c/12/51c5bdce0ad62a29bff429e99a9b2f23a0220cca89e768fc22694d4aeb4f/coverage-7.2.2-cp39-cp39-manylinux_2_17_aarch64.manylinux2014_aarch64.whl", hash = "sha256:507e4720791977934bba016101579b8c500fb21c5fa3cd4cf256477331ddd988"},
    {url = "https://files.pythonhosted.org/packages/42/1b/340c1d2d3bdfe33664a63307ae1143bf3e7929290715d8034e40aff6bcef/coverage-7.2.2-cp37-cp37m-musllinux_1_1_aarch64.whl", hash = "sha256:ba279aae162b20444881fc3ed4e4f934c1cf8620f3dab3b531480cf602c76b7f"},
    {url = "https://files.pythonhosted.org/packages/44/50/b752e846395b17d3789b070b82ac54e88cc2e4f4d906b9f864074caf04b9/coverage-7.2.2-cp38-cp38-manylinux_2_5_x86_64.manylinux1_x86_64.manylinux_2_17_x86_64.manylinux2014_x86_64.whl", hash = "sha256:4fa54fb483decc45f94011898727802309a109d89446a3c76387d016057d2c84"},
    {url = "https://files.pythonhosted.org/packages/47/21/632047c45edb08f0eb51f9e8e49591d23c15ff078b32e0a88ddf99f4e8c2/coverage-7.2.2-cp39-cp39-manylinux_2_5_x86_64.manylinux1_x86_64.manylinux_2_17_x86_64.manylinux2014_x86_64.whl", hash = "sha256:db8c2c5ace167fd25ab5dd732714c51d4633f58bac21fb0ff63b0349f62755a8"},
    {url = "https://files.pythonhosted.org/packages/4a/73/031f7380e2912f78801d28120091ba2dcf5bc0ad689e958d6b970ce67cb7/coverage-7.2.2-cp39-cp39-musllinux_1_1_x86_64.whl", hash = "sha256:797aad79e7b6182cb49c08cc5d2f7aa7b2128133b0926060d0a8889ac43843be"},
    {url = "https://files.pythonhosted.org/packages/4f/ec/acf6816f7fd5e628746db61725f7a3f5eb16b3b55c919c885072c60d17fa/coverage-7.2.2-cp311-cp311-musllinux_1_1_x86_64.whl", hash = "sha256:4c752d5264053a7cf2fe81c9e14f8a4fb261370a7bb344c2a011836a96fb3f57"},
    {url = "https://files.pythonhosted.org/packages/50/32/82dea3a1e928f8f7d2cdf6f0c6498fd42c5e9d661de0191f8c47d3966306/coverage-7.2.2-cp310-cp310-musllinux_1_1_aarch64.whl", hash = "sha256:81f63e0fb74effd5be736cfe07d710307cc0a3ccb8f4741f7f053c057615a137"},
    {url = "https://files.pythonhosted.org/packages/54/8a/db9d9cd24f96bb872eea151bb0d5c8cb6a96825b70a0cfaf07bceab2884d/coverage-7.2.2.tar.gz", hash = "sha256:36dd42da34fe94ed98c39887b86db9d06777b1c8f860520e21126a75507024f2"},
    {url = "https://files.pythonhosted.org/packages/56/65/fedba1cb8d954823eded8e7b943749531f81060f8e4214fe9ee8dd1da5bc/coverage-7.2.2-cp38-cp38-win_amd64.whl", hash = "sha256:c448b5c9e3df5448a362208b8d4b9ed85305528313fca1b479f14f9fe0d873b8"},
    {url = "https://files.pythonhosted.org/packages/59/4b/8a1077b2cf0c21e2f39105f3c94fac4e1bb18ff341d386ba60374487ae49/coverage-7.2.2-cp37-cp37m-musllinux_1_1_i686.whl", hash = "sha256:53d0fd4c17175aded9c633e319360d41a1f3c6e352ba94edcb0fa5167e2bad67"},
    {url = "https://files.pythonhosted.org/packages/5e/92/cffba484a7a34ca08097f7991b72cbd85da4adc717c69c067bab2e1f612c/coverage-7.2.2-pp37.pp38.pp39-none-any.whl", hash = "sha256:872d6ce1f5be73f05bea4df498c140b9e7ee5418bfa2cc8204e7f9b817caa968"},
    {url = "https://files.pythonhosted.org/packages/5e/f1/cf01ea71b3c525f5cb4aa9956b5bf2d4e0ac59cdc1e2aead8e73374ab420/coverage-7.2.2-cp310-cp310-manylinux_2_5_i686.manylinux1_i686.manylinux_2_17_i686.manylinux2014_i686.whl", hash = "sha256:efe1c0adad110bf0ad7fb59f833880e489a61e39d699d37249bdf42f80590169"},
    {url = "https://files.pythonhosted.org/packages/6f/e4/9576c24b37c941e70a4815cbbd44ff2779c83b821ab3a38022b6f530d61c/coverage-7.2.2-cp39-cp39-macosx_10_9_x86_64.whl", hash = "sha256:bfe7085783cda55e53510482fa7b5efc761fad1abe4d653b32710eb548ebdd2d"},
    {url = "https://files.pythonhosted.org/packages/70/74/7ceb96c38dac56e5894c3b0af6c4adfd0dd7f96521e8b829544d1dcec8fe/coverage-7.2.2-cp39-cp39-musllinux_1_1_aarch64.whl", hash = "sha256:4f68ee32d7c4164f1e2c8797535a6d0a3733355f5861e0f667e37df2d4b07140"},
    {url = "https://files.pythonhosted.org/packages/74/bf/ae3344872e1a33e58481afaa1587e39a4e626fdaa69bd11c1454fd34e0d3/coverage-7.2.2-cp37-cp37m-win32.whl", hash = "sha256:5cc0783844c84af2522e3a99b9b761a979a3ef10fb87fc4048d1ee174e18a7d8"},
    {url = "https://files.pythonhosted.org/packages/75/93/1821ffa10c91b0c4220f1b525f82b408ca49a605481d76687078cd251504/coverage-7.2.2-cp37-cp37m-manylinux_2_5_i686.manylinux1_i686.manylinux_2_17_i686.manylinux2014_i686.whl", hash = "sha256:d530191aa9c66ab4f190be8ac8cc7cfd8f4f3217da379606f3dd4e3d83feba69"},
    {url = "https://files.pythonhosted.org/packages/76/6b/30aa019a24ba3ba3487b6d61e468c898dcba77a153012f2032d72695ec13/coverage-7.2.2-cp38-cp38-manylinux_2_5_i686.manylinux1_i686.manylinux_2_17_i686.manylinux2014_i686.whl", hash = "sha256:e627dee428a176ffb13697a2c4318d3f60b2ccdde3acdc9b3f304206ec130ccd"},
    {url = "https://files.pythonhosted.org/packages/83/db/85c50845c1ca6c83082decfed61a8d928903ef6d72f8a2c20a615118fc8a/coverage-7.2.2-cp37-cp37m-macosx_10_9_x86_64.whl", hash = "sha256:5afdad4cc4cc199fdf3e18088812edcf8f4c5a3c8e6cb69127513ad4cb7471a9"},
    {url = "https://files.pythonhosted.org/packages/85/e3/377befb686b7ebe288ef084c2822db81722681fab3774e389d026ea2d7ca/coverage-7.2.2-cp37-cp37m-manylinux_2_5_x86_64.manylinux1_x86_64.manylinux_2_17_x86_64.manylinux2014_x86_64.whl", hash = "sha256:4ac0f522c3b6109c4b764ffec71bf04ebc0523e926ca7cbe6c5ac88f84faced0"},
    {url = "https://files.pythonhosted.org/packages/8c/c8/efee5b6e98f1009ca92333884d17eb205acb7aad800dc9b2d91475aef2a4/coverage-7.2.2-cp311-cp311-win32.whl", hash = "sha256:55272f33da9a5d7cccd3774aeca7a01e500a614eaea2a77091e9be000ecd401d"},
    {url = "https://files.pythonhosted.org/packages/8d/a6/6b3aae5b60e1e2ad8feb807cc33c5d313511980c3ee5de4662384165cec9/coverage-7.2.2-cp310-cp310-macosx_11_0_arm64.whl", hash = "sha256:e2926b8abedf750c2ecf5035c07515770944acf02e1c46ab08f6348d24c5f94d"},
    {url = "https://files.pythonhosted.org/packages/8e/7f/b5709cc511c226c01ee8da008b9737726d8c62bd88cb20ef93eb5c9d80c8/coverage-7.2.2-cp311-cp311-musllinux_1_1_i686.whl", hash = "sha256:8efb48fa743d1c1a65ee8787b5b552681610f06c40a40b7ef94a5b517d885c54"},
    {url = "https://files.pythonhosted.org/packages/91/57/629e70906739102dbd742bcd7484f5446dfaacbd6dc3f46f42a88a0677c5/coverage-7.2.2-cp38-cp38-musllinux_1_1_x86_64.whl", hash = "sha256:5764e1f7471cb8f64b8cda0554f3d4c4085ae4b417bfeab236799863703e5de2"},
    {url = "https://files.pythonhosted.org/packages/95/06/b0541156f46970339776c42dafe5d227710127025cb96e4bd3176422016f/coverage-7.2.2-cp310-cp310-manylinux_2_5_x86_64.manylinux1_x86_64.manylinux_2_17_x86_64.manylinux2014_x86_64.whl", hash = "sha256:2199988e0bc8325d941b209f4fd1c6fa007024b1442c5576f1a32ca2e48941e6"},
    {url = "https://files.pythonhosted.org/packages/9f/f0/ca6217975c4d756cbf136abfab805b470424279b322f8c9f191c21898ee9/coverage-7.2.2-cp38-cp38-win32.whl", hash = "sha256:4f01911c010122f49a3e9bdc730eccc66f9b72bd410a3a9d3cb8448bb50d65d3"},
    {url = "https://files.pythonhosted.org/packages/a6/8c/8a5f4fb03c4e23c69192ac8452f3448d2a408d204e39605614d7956dafa0/coverage-7.2.2-cp37-cp37m-win_amd64.whl", hash = "sha256:817295f06eacdc8623dc4df7d8b49cea65925030d4e1e2a7c7218380c0072c25"},
    {url = "https://files.pythonhosted.org/packages/af/dc/3fe8388df88c8dfa3d5771b1f746ef5bc92f0c718a10fcef3600199d00f7/coverage-7.2.2-cp310-cp310-macosx_10_9_x86_64.whl", hash = "sha256:c90e73bdecb7b0d1cea65a08cb41e9d672ac6d7995603d6465ed4914b98b9ad7"},
    {url = "https://files.pythonhosted.org/packages/c1/dc/ef3f63275d1046b910a474eedf8eb9fa3265c30b5fab1c1391ed6351e9d9/coverage-7.2.2-cp311-cp311-macosx_10_9_x86_64.whl", hash = "sha256:3eb55b7b26389dd4f8ae911ba9bc8c027411163839dea4c8b8be54c4ee9ae10b"},
    {url = "https://files.pythonhosted.org/packages/c7/de/80032c5d6340a3a3b29920ade4e09e3f240cee8410b88173babb9e7012be/coverage-7.2.2-cp311-cp311-musllinux_1_1_aarch64.whl", hash = "sha256:d683d230b5774816e7d784d7ed8444f2a40e7a450e5720d58af593cb0b94a212"},
    {url = "https://files.pythonhosted.org/packages/ca/45/687fb10526b66642a479b8703cd5ea53030fc582e76e7236e7a6318fd660/coverage-7.2.2-cp37-cp37m-musllinux_1_1_x86_64.whl", hash = "sha256:8c99cb7c26a3039a8a4ee3ca1efdde471e61b4837108847fb7d5be7789ed8fd9"},
    {url = "https://files.pythonhosted.org/packages/cb/03/76ca85381dd6aea8b190ae0fa9e7e7c3964f72f65fc32ef0454e68df4611/coverage-7.2.2-cp38-cp38-macosx_10_9_x86_64.whl", hash = "sha256:6146910231ece63facfc5984234ad1b06a36cecc9fd0c028e59ac7c9b18c38c6"},
    {url = "https://files.pythonhosted.org/packages/d0/94/fa6095cce802c11a53685c5267330caed7ef02e2fb99b9f9f1c892859259/coverage-7.2.2-cp311-cp311-manylinux_2_5_x86_64.manylinux1_x86_64.manylinux_2_17_x86_64.manylinux2014_x86_64.whl", hash = "sha256:006ed5582e9cbc8115d2e22d6d2144a0725db542f654d9d4fda86793832f873d"},
    {url = "https://files.pythonhosted.org/packages/d4/cd/ef9d489e9c943636193de07e5089d84252c611572865e50e475495528070/coverage-7.2.2-cp39-cp39-win_amd64.whl", hash = "sha256:8dbe2647bf58d2c5a6c5bcc685f23b5f371909a5624e9f5cd51436d6a9f6c6ef"},
    {url = "https://files.pythonhosted.org/packages/d8/3f/9df4f173d6f43ff80a11720cc3a9f4fa12d14ab36a2fb1a1d83ce026dd37/coverage-7.2.2-cp310-cp310-win_amd64.whl", hash = "sha256:0ce383d5f56d0729d2dd40e53fe3afeb8f2237244b0975e1427bfb2cf0d32bab"},
    {url = "https://files.pythonhosted.org/packages/d8/de/effbd360724a67b8e8f7f297c4cffdd5510161aeb4de08b08e1fc6fbbd49/coverage-7.2.2-cp310-cp310-manylinux_2_17_aarch64.manylinux2014_aarch64.whl", hash = "sha256:57b77b9099f172804e695a40ebaa374f79e4fb8b92f3e167f66facbf92e8e7f5"},
    {url = "https://files.pythonhosted.org/packages/d9/55/f45a1d08ad1299c5199f3cf1baaa02fcffe347fdec8ddacc484858700ef6/coverage-7.2.2-cp39-cp39-musllinux_1_1_i686.whl", hash = "sha256:d52f0a114b6a58305b11a5cdecd42b2e7f1ec77eb20e2b33969d702feafdd016"},
    {url = "https://files.pythonhosted.org/packages/e5/d4/d8ee18c995b806b3d0d38dc17ab5888de148244da5be8d3dfbd7cea6cd7e/coverage-7.2.2-cp311-cp311-manylinux_2_17_aarch64.manylinux2014_aarch64.whl", hash = "sha256:299bc75cb2a41e6741b5e470b8c9fb78d931edbd0cd009c58e5c84de57c06731"},
    {url = "https://files.pythonhosted.org/packages/f5/6f/7811ed60d4088b6a54bb48d57b48f647e55c876ee9088e3fa123eb879673/coverage-7.2.2-cp311-cp311-win_amd64.whl", hash = "sha256:92ebc1619650409da324d001b3a36f14f63644c7f0a588e331f3b0f67491f512"},
]
"django 4.1.7" = [
    {url = "https://files.pythonhosted.org/packages/89/86/59e237f7176cfc1544446914fa329fd560bb8fce46be52dd7af5dc7c54f9/Django-4.1.7-py3-none-any.whl", hash = "sha256:f2f431e75adc40039ace496ad3b9f17227022e8b11566f4b363da44c7e44761e"},
    {url = "https://files.pythonhosted.org/packages/9f/a7/07939866241b7e8f8d3bf164b7d6ad428163723e29dd472700f8ab0e5fd5/Django-4.1.7.tar.gz", hash = "sha256:44f714b81c5f190d9d2ddad01a532fe502fa01c4cb8faf1d081f4264ed15dcd8"},
]
"django-click 2.3.0" = [
    {url = "https://files.pythonhosted.org/packages/47/01/c9aa5749e018c890fe7c2ac429a276d445e693c7be85b8ee9005c0b4b1c6/django-click-2.3.0.tar.gz", hash = "sha256:bffb0d10c3f3dfe3f5b116ce902c7a7a9aa4e9c046de95259dc044462eb746b4"},
    {url = "https://files.pythonhosted.org/packages/84/d8/9c225ff821335fd7fa1aecee1278ffc276f154f203ef10705ecd6cd788aa/django_click-2.3.0-py2.py3-none-any.whl", hash = "sha256:b862d6b2424edba564968834c8570e39db8142babaa843fa791a4958a2dabb54"},
]
"django-types 0.17.0" = [
    {url = "https://files.pythonhosted.org/packages/1a/b0/9dd6e8840967753dd9f1156a41e4069ae05e4d5a14ac4bdd32c54d5e3987/django_types-0.17.0-py3-none-any.whl", hash = "sha256:43d4931159524c1a08b25c1b9a4db2512b7c1234b64b1d4db4aff78881d6afd0"},
    {url = "https://files.pythonhosted.org/packages/85/87/f0f4f8387aee5cc3ca738f75a0f4c648dd45a19607e8d2b8aa7b47d2dd7e/django-types-0.17.0.tar.gz", hash = "sha256:c1c42ab78876c57c728342d5ab060725ab371fc8dc83bb85bae0be06846aad70"},
]
"exceptiongroup 1.1.1" = [
    {url = "https://files.pythonhosted.org/packages/61/97/17ed81b7a8d24d8f69b62c0db37abbd8c0042d4b3fc429c73dab986e7483/exceptiongroup-1.1.1-py3-none-any.whl", hash = "sha256:232c37c63e4f682982c8b6459f33a8981039e5fb8756b2074364e5055c498c9e"},
    {url = "https://files.pythonhosted.org/packages/cc/38/57f14ddc8e8baeddd8993a36fe57ce7b4ba174c35048b9a6d270bb01e833/exceptiongroup-1.1.1.tar.gz", hash = "sha256:d484c3090ba2889ae2928419117447a14daf3c1231d5e30d0aae34f354f01785"},
]
"importlib-metadata 6.0.0" = [
    {url = "https://files.pythonhosted.org/packages/26/a7/9da7d5b23fc98ab3d424ac2c65613d63c1f401efb84ad50f2fa27b2caab4/importlib_metadata-6.0.0-py3-none-any.whl", hash = "sha256:7efb448ec9a5e313a57655d35aa54cd3e01b7e1fbcf72dce1bf06119420f5bad"},
    {url = "https://files.pythonhosted.org/packages/90/07/6397ad02d31bddf1841c9ad3ec30a693a3ff208e09c2ef45c9a8a5f85156/importlib_metadata-6.0.0.tar.gz", hash = "sha256:e354bedeb60efa6affdcc8ae121b73544a7aa74156d047311948f6d711cd378d"},
]
"iniconfig 2.0.0" = [
    {url = "https://files.pythonhosted.org/packages/d7/4b/cbd8e699e64a6f16ca3a8220661b5f83792b3017d0f79807cb8708d33913/iniconfig-2.0.0.tar.gz", hash = "sha256:2d91e135bf72d31a410b17c16da610a82cb55f6b0477d1a902134b24a455b8b3"},
    {url = "https://files.pythonhosted.org/packages/ef/a6/62565a6e1cf69e10f5727360368e451d4b7f58beeac6173dc9db836a5b46/iniconfig-2.0.0-py3-none-any.whl", hash = "sha256:b6a85871a79d2e3b22d2d1b94ac2824226a63c6b741c88f7ae975f18b6778374"},
]
"packaging 23.0" = [
    {url = "https://files.pythonhosted.org/packages/47/d5/aca8ff6f49aa5565df1c826e7bf5e85a6df852ee063600c1efa5b932968c/packaging-23.0.tar.gz", hash = "sha256:b6ad297f8907de0fa2fe1ccbd26fdaf387f5f47c7275fedf8cce89f99446cf97"},
    {url = "https://files.pythonhosted.org/packages/ed/35/a31aed2993e398f6b09a790a181a7927eb14610ee8bbf02dc14d31677f1c/packaging-23.0-py3-none-any.whl", hash = "sha256:714ac14496c3e68c99c29b00845f7a2b85f3bb6f1078fd9f72fd20f0570002b2"},
]
"pluggy 1.0.0" = [
    {url = "https://files.pythonhosted.org/packages/9e/01/f38e2ff29715251cf25532b9082a1589ab7e4f571ced434f98d0139336dc/pluggy-1.0.0-py2.py3-none-any.whl", hash = "sha256:74134bbf457f031a36d68416e1509f34bd5ccc019f0bcc952c7b909d06b37bd3"},
    {url = "https://files.pythonhosted.org/packages/a1/16/db2d7de3474b6e37cbb9c008965ee63835bba517e22cdb8c35b5116b5ce1/pluggy-1.0.0.tar.gz", hash = "sha256:4224373bacce55f955a878bf9cfa763c1e360858e330072059e10bad68531159"},
]
"pytest 7.2.2" = [
    {url = "https://files.pythonhosted.org/packages/b2/68/5321b5793bd506961bd40bdbdd0674e7de4fb873ee7cab33dd27283ad513/pytest-7.2.2-py3-none-any.whl", hash = "sha256:130328f552dcfac0b1cec75c12e3f005619dc5f874f0a06e8ff7263f0ee6225e"},
    {url = "https://files.pythonhosted.org/packages/b9/29/311895d9cd3f003dd58e8fdea36dd895ba2da5c0c90601836f7de79f76fe/pytest-7.2.2.tar.gz", hash = "sha256:c99ab0c73aceb050f68929bc93af19ab6db0558791c6a0715723abe9d0ade9d4"},
]
"pytest-cov 4.0.0" = [
    {url = "https://files.pythonhosted.org/packages/ea/70/da97fd5f6270c7d2ce07559a19e5bf36a76f0af21500256f005a69d9beba/pytest-cov-4.0.0.tar.gz", hash = "sha256:996b79efde6433cdbd0088872dbc5fb3ed7fe1578b68cdbba634f14bb8dd0470"},
    {url = "https://files.pythonhosted.org/packages/fe/1f/9ec0ddd33bd2b37d6ec50bb39155bca4fe7085fa78b3b434c05459a860e3/pytest_cov-4.0.0-py3-none-any.whl", hash = "sha256:2feb1b751d66a8bd934e5edfa2e961d11309dc37b73b0eabe73b5945fee20f6b"},
]
"pytest-django 4.5.2" = [
    {url = "https://files.pythonhosted.org/packages/4b/21/b65ecd6686da400e2f6e3c49c2a428325abd979c9670cd97e1671f53296e/pytest_django-4.5.2-py3-none-any.whl", hash = "sha256:c60834861933773109334fe5a53e83d1ef4828f2203a1d6a0fa9972f4f75ab3e"},
    {url = "https://files.pythonhosted.org/packages/9b/42/6d6563165b82289d4a30ea477f85c04386303e51cf4e4e4651d4f9910830/pytest-django-4.5.2.tar.gz", hash = "sha256:d9076f759bb7c36939dbdd5ae6633c18edfc2902d1a69fdbefd2426b970ce6c2"},
]
"pytest-randomly 3.12.0" = [
    {url = "https://files.pythonhosted.org/packages/2e/1c/35f9746b7bd794e205f3a70ae0d6e167d2c929342e15de40d9d37f3b675e/pytest-randomly-3.12.0.tar.gz", hash = "sha256:d60c2db71ac319aee0fc6c4110a7597d611a8b94a5590918bfa8583f00caccb2"},
    {url = "https://files.pythonhosted.org/packages/3b/de/eafd2b4ef66e7e835f13c9717070ddc939589d6127f65a00cf49092dc3ef/pytest_randomly-3.12.0-py3-none-any.whl", hash = "sha256:f4f2e803daf5d1ba036cc22bf4fe9dbbf99389ec56b00e5cba732fb5c1d07fdd"},
]
"pytest-timeout 2.1.0" = [
    {url = "https://files.pythonhosted.org/packages/23/02/c85ca1e18e0c00d5ee45f4012f241098c8995294e1178367cb638a26b6c8/pytest_timeout-2.1.0-py3-none-any.whl", hash = "sha256:f6f50101443ce70ad325ceb4473c4255e9d74e3c7cd0ef827309dfa4c0d975c6"},
    {url = "https://files.pythonhosted.org/packages/ef/30/37abbd50f86cb802cbcea50d68688438de1a7446d73c8ed8d048173b4b13/pytest-timeout-2.1.0.tar.gz", hash = "sha256:c07ca07404c612f8abbe22294b23c368e2e5104b521c1790195561f37e1ac3d9"},
]
"sqlparse 0.4.3" = [
    {url = "https://files.pythonhosted.org/packages/97/d3/31dd2c3e48fc2060819f4acb0686248250a0f2326356306b38a42e059144/sqlparse-0.4.3-py3-none-any.whl", hash = "sha256:0323c0ec29cd52bceabc1b4d9d579e311f3e4961b98d174201d5622a23b85e34"},
    {url = "https://files.pythonhosted.org/packages/ba/fa/5b7662b04b69f3a34b8867877e4dbf2a37b7f2a5c0bbb5a9eed64efd1ad1/sqlparse-0.4.3.tar.gz", hash = "sha256:69ca804846bb114d2ec380e4360a8a340db83f0ccf3afceeb1404df028f57268"},
]
"tomli 2.0.1" = [
    {url = "https://files.pythonhosted.org/packages/97/75/10a9ebee3fd790d20926a90a2547f0bf78f371b2f13aa822c759680ca7b9/tomli-2.0.1-py3-none-any.whl", hash = "sha256:939de3e7a6161af0c887ef91b7d41a53e7c5a1ca976325f429cb46ea9bc30ecc"},
    {url = "https://files.pythonhosted.org/packages/c0/3f/d7af728f075fb08564c5949a9c95e44352e23dee646869fa104a3b2060a3/tomli-2.0.1.tar.gz", hash = "sha256:de526c12914f0c550d15924c62d72abc48d6fe7364aa87328337a31007fe8a4f"},
]
"tzdata 2022.7" = [
    {url = "https://files.pythonhosted.org/packages/5b/30/b7abfb11be6642d26de1c1840d25e8d90333513350ad0ebc03101d55e13b/tzdata-2022.7.tar.gz", hash = "sha256:fe5f866eddd8b96e9fcba978f8e503c909b19ea7efda11e52e39494bad3a7bfa"},
    {url = "https://files.pythonhosted.org/packages/fa/5e/f99a7df3ae2079211d31ec23b1d34380c7870c26e99159f6e422dcbab538/tzdata-2022.7-py2.py3-none-any.whl", hash = "sha256:2b88858b0e3120792a3c0635c23daf36a7d7eeeca657c323da299d2094402a0d"},
]
"zipp 3.15.0" = [
    {url = "https://files.pythonhosted.org/packages/00/27/f0ac6b846684cecce1ee93d32450c45ab607f65c2e0255f0092032d91f07/zipp-3.15.0.tar.gz", hash = "sha256:112929ad649da941c23de50f356a2b5570c954b65150642bccdd66bf194d224b"},
    {url = "https://files.pythonhosted.org/packages/5b/fa/c9e82bbe1af6266adf08afb563905eb87cab83fde00a0a08963510621047/zipp-3.15.0-py3-none-any.whl", hash = "sha256:48904fc76a60e542af151aded95726c1a5c34ed43ab4134b597665c86d7ad556"},
]
